
Microsoft Visual Studio Solution File, Format Version 12.00
# Visual Studio 14
VisualStudioVersion = 14.0.24720.0
MinimumVisualStudioVersion = 10.0.40219.1
Project("{FAE04EC0-301F-11D3-BF4B-00C04F79EFBC}") = "task3.2", "task4\task3.2.csproj", "{20ED7C03-AD14-4A96-9EC4-6EDC16A0065E}"
EndProject
Global
	GlobalSection(SolutionConfigurationPlatforms) = preSolution
		Debug|Any CPU = Debug|Any CPU
		Release|Any CPU = Release|Any CPU
	EndGlobalSection
	GlobalSection(ProjectConfigurationPlatforms) = postSolution
		{20ED7C03-AD14-4A96-9EC4-6EDC16A0065E}.Debug|Any CPU.ActiveCfg = Debug|Any CPU
		{20ED7C03-AD14-4A96-9EC4-6EDC16A0065E}.Debug|Any CPU.Build.0 = Debug|Any CPU
		{20ED7C03-AD14-4A96-9EC4-6EDC16A0065E}.Release|Any CPU.ActiveCfg = Release|Any CPU
		{20ED7C03-AD14-4A96-9EC4-6EDC16A0065E}.Release|Any CPU.Build.0 = Release|Any CPU
	EndGlobalSection
	GlobalSection(SolutionProperties) = preSolution
		HideSolutionNode = FALSE
	EndGlobalSection
EndGlobal
